// !$*UTF8*$!
{
	archiveVersion = 1;
	classes = {
	};
	objectVersion = 46;
	objects = {

/* Begin PBXBuildFile section */
		292006861B15ABB000C5D7A0 /* ViewsTestViewController.m in Sources */ = {isa = PBXBuildFile; fileRef = 292006851B15ABB000C5D7A0 /* ViewsTestViewController.m */; };
		292A5DCE1AEDE38B00FCBFF3 /* MemoryManagerMRCViewController.m in Sources */ = {isa = PBXBuildFile; fileRef = 292A5DCD1AEDE38B00FCBFF3 /* MemoryManagerMRCViewController.m */; settings = {COMPILER_FLAGS = "-fno-objc-arc"; }; };
		295BBE681B16DD1E00FE6E76 /* AutoLayoutTestViewController.m in Sources */ = {isa = PBXBuildFile; fileRef = 295BBE661B16DD1E00FE6E76 /* AutoLayoutTestViewController.m */; };
		295BBE691B16DD1E00FE6E76 /* AutoLayoutTestViewController.xib in Resources */ = {isa = PBXBuildFile; fileRef = 295BBE671B16DD1E00FE6E76 /* AutoLayoutTestViewController.xib */; };
		29613ECB1AFA069500F85B79 /* MyPlistTestViewController.m in Sources */ = {isa = PBXBuildFile; fileRef = 29613ECA1AFA069500F85B79 /* MyPlistTestViewController.m */; };
		29613ED21AFA06F100F85B79 /* SharePlist.m in Sources */ = {isa = PBXBuildFile; fileRef = 29613ED11AFA06F100F85B79 /* SharePlist.m */; };
		2961F22D1AEE229700B4ABE0 /* ThreadViewController.m in Sources */ = {isa = PBXBuildFile; fileRef = 2961F22C1AEE229700B4ABE0 /* ThreadViewController.m */; };
		29906F7D1B3A9DA200743D98 /* UITestViewController.m in Sources */ = {isa = PBXBuildFile; fileRef = 29906F7C1B3A9DA200743D98 /* UITestViewController.m */; };
		299515771AF9B73800E314A6 /* MacroViewController.m in Sources */ = {isa = PBXBuildFile; fileRef = 299515761AF9B73800E314A6 /* MacroViewController.m */; };
		299A67741B9D2CCB000766F4 /* CommonMenuViewController.m in Sources */ = {isa = PBXBuildFile; fileRef = 299A67731B9D2CCB000766F4 /* CommonMenuViewController.m */; };
		299A67761B9D30B4000766F4 /* views_menu.plist in Resources */ = {isa = PBXBuildFile; fileRef = 299A67751B9D30B4000766F4 /* views_menu.plist */; };
		299A677D1B9D36C5000766F4 /* BDBTabView.m in Sources */ = {isa = PBXBuildFile; fileRef = 299A67771B9D36C5000766F4 /* BDBTabView.m */; };
		299A677E1B9D36C5000766F4 /* BDBTabViewDemoViewController.m in Sources */ = {isa = PBXBuildFile; fileRef = 299A67781B9D36C5000766F4 /* BDBTabViewDemoViewController.m */; };
		299A677F1B9D36C5000766F4 /* BDBTabViewModel.m in Sources */ = {isa = PBXBuildFile; fileRef = 299A677C1B9D36C5000766F4 /* BDBTabViewModel.m */; };
		29B342D41ACBCF2100F55365 /* main.m in Sources */ = {isa = PBXBuildFile; fileRef = 29B342D31ACBCF2100F55365 /* main.m */; };
		29B342D71ACBCF2100F55365 /* AppDelegate.m in Sources */ = {isa = PBXBuildFile; fileRef = 29B342D61ACBCF2100F55365 /* AppDelegate.m */; };
		29B342DD1ACBCF2100F55365 /* Main.storyboard in Resources */ = {isa = PBXBuildFile; fileRef = 29B342DB1ACBCF2100F55365 /* Main.storyboard */; };
		29B342DF1ACBCF2100F55365 /* Images.xcassets in Resources */ = {isa = PBXBuildFile; fileRef = 29B342DE1ACBCF2100F55365 /* Images.xcassets */; };
		29B342E21ACBCF2100F55365 /* LaunchScreen.xib in Resources */ = {isa = PBXBuildFile; fileRef = 29B342E01ACBCF2100F55365 /* LaunchScreen.xib */; };
		29B342EE1ACBCF2100F55365 /* ProjectAccumulationTests.m in Sources */ = {isa = PBXBuildFile; fileRef = 29B342ED1ACBCF2100F55365 /* ProjectAccumulationTests.m */; };
		29B342F91ACBED9F00F55365 /* MainTableViewController.m in Sources */ = {isa = PBXBuildFile; fileRef = 29B342F81ACBED9F00F55365 /* MainTableViewController.m */; };
		29BB5DE51B0B1C0A00BA69F9 /* WebViewTestViewController.m in Sources */ = {isa = PBXBuildFile; fileRef = 29BB5DE41B0B1C0A00BA69F9 /* WebViewTestViewController.m */; };
		29C986641B7B2208006B394C /* ReflectionViewController.m in Sources */ = {isa = PBXBuildFile; fileRef = 29C986631B7B2208006B394C /* ReflectionViewController.m */; };
		29DD0D1E1AD4DD3C008E365A /* OCMessageViewController.m in Sources */ = {isa = PBXBuildFile; fileRef = 29DD0D1D1AD4DD3C008E365A /* OCMessageViewController.m */; };
		29DD0D211AD4FB2D008E365A /* RuntimeCreateClassViewController.m in Sources */ = {isa = PBXBuildFile; fileRef = 29DD0D201AD4FB2D008E365A /* RuntimeCreateClassViewController.m */; };
		29E3FD1B1B9D66D60067130F /* study_menu.plist in Resources */ = {isa = PBXBuildFile; fileRef = 29E3FD1A1B9D66D60067130F /* study_menu.plist */; };
		29E3FD211B9D68C20067130F /* OnePxLineViewController.m in Sources */ = {isa = PBXBuildFile; fileRef = 29E3FD201B9D68C20067130F /* OnePxLineViewController.m */; };
		29E3FD241B9D698C0067130F /* BaseViewController.m in Sources */ = {isa = PBXBuildFile; fileRef = 29E3FD231B9D698C0067130F /* BaseViewController.m */; };
		29E3FD261B9D84F90067130F /* tools_menu.plist in Resources */ = {isa = PBXBuildFile; fileRef = 29E3FD251B9D84F90067130F /* tools_menu.plist */; };
		29E3FD281B9D99B30067130F /* blog_menu.plist in Resources */ = {isa = PBXBuildFile; fileRef = 29E3FD271B9D99B30067130F /* blog_menu.plist */; };
		29E3FD2C1B9D9A290067130F /* BlogMenuViewController.m in Sources */ = {isa = PBXBuildFile; fileRef = 29E3FD2B1B9D9A290067130F /* BlogMenuViewController.m */; };
		29E6BDC71ADB9A4B00F37344 /* KVCKVOViewController.m in Sources */ = {isa = PBXBuildFile; fileRef = 29E6BDC61ADB9A4B00F37344 /* KVCKVOViewController.m */; };
		29E6BDCA1ADBA63400F37344 /* BlockViewController.m in Sources */ = {isa = PBXBuildFile; fileRef = 29E6BDC91ADBA63400F37344 /* BlockViewController.m */; };
		29F4E9DF1B183BB800AF3BC9 /* AutoLayoutTestCustomerView.xib in Resources */ = {isa = PBXBuildFile; fileRef = 29F4E9DE1B183BB800AF3BC9 /* AutoLayoutTestCustomerView.xib */; };
		29F968021B9E87A100F3A0C8 /* UIImage+BlurGlass.m in Sources */ = {isa = PBXBuildFile; fileRef = 29F968011B9E87A100F3A0C8 /* UIImage+BlurGlass.m */; };
		29F968051B9E8DA100F3A0C8 /* Utils.m in Sources */ = {isa = PBXBuildFile; fileRef = 29F968041B9E8DA100F3A0C8 /* Utils.m */; };
		29F968091B9E91E000F3A0C8 /* BlurGlassViewController.m in Sources */ = {isa = PBXBuildFile; fileRef = 29F968081B9E91E000F3A0C8 /* BlurGlassViewController.m */; };
		29F9680C1B9EA8BF00F3A0C8 /* UCWebViewController.m in Sources */ = {isa = PBXBuildFile; fileRef = 29F9680B1B9EA8BF00F3A0C8 /* UCWebViewController.m */; };
		29F9680F1B9EA92000F3A0C8 /* BDLCustomerWebView.m in Sources */ = {isa = PBXBuildFile; fileRef = 29F9680D1B9EA92000F3A0C8 /* BDLCustomerWebView.m */; };
		29F968151B9EA98800F3A0C8 /* NJKWebViewProgress.m in Sources */ = {isa = PBXBuildFile; fileRef = 29F968121B9EA98800F3A0C8 /* NJKWebViewProgress.m */; };
		29F968161B9EA98800F3A0C8 /* NJKWebViewProgressView.m in Sources */ = {isa = PBXBuildFile; fileRef = 29F968141B9EA98800F3A0C8 /* NJKWebViewProgressView.m */; };
		29FA56931B9FD89800E0166A /* BDBToast.m in Sources */ = {isa = PBXBuildFile; fileRef = 29FA56911B9FD89800E0166A /* BDBToast.m */; };
/* End PBXBuildFile section */

/* Begin PBXContainerItemProxy section */
		29B342E81ACBCF2100F55365 /* PBXContainerItemProxy */ = {
			isa = PBXContainerItemProxy;
			containerPortal = 29B342C61ACBCF2100F55365 /* Project object */;
			proxyType = 1;
			remoteGlobalIDString = 29B342CD1ACBCF2100F55365;
			remoteInfo = ProjectAccumulation;
		};
/* End PBXContainerItemProxy section */

/* Begin PBXFileReference section */
		292006841B15ABB000C5D7A0 /* ViewsTestViewController.h */ = {isa = PBXFileReference; fileEncoding = 4; lastKnownFileType = sourcecode.c.h; name = ViewsTestViewController.h; path = study/ViewsTestViewController.h; sourceTree = "<group>"; };
		292006851B15ABB000C5D7A0 /* ViewsTestViewController.m */ = {isa = PBXFileReference; fileEncoding = 4; lastKnownFileType = sourcecode.c.objc; name = ViewsTestViewController.m; path = study/ViewsTestViewController.m; sourceTree = "<group>"; };
		292A5DCC1AEDE38B00FCBFF3 /* MemoryManagerMRCViewController.h */ = {isa = PBXFileReference; fileEncoding = 4; lastKnownFileType = sourcecode.c.h; name = MemoryManagerMRCViewController.h; path = study/MemoryManagerMRCViewController.h; sourceTree = "<group>"; };
		292A5DCD1AEDE38B00FCBFF3 /* MemoryManagerMRCViewController.m */ = {isa = PBXFileReference; fileEncoding = 4; lastKnownFileType = sourcecode.c.objc; name = MemoryManagerMRCViewController.m; path = study/MemoryManagerMRCViewController.m; sourceTree = "<group>"; };
		292A5DCF1AEDE93100FCBFF3 /* CommonDefines.h */ = {isa = PBXFileReference; lastKnownFileType = sourcecode.c.h; path = CommonDefines.h; sourceTree = "<group>"; };
		292A5DD01AEDE97900FCBFF3 /* XY-PrefixHeader.pch */ = {isa = PBXFileReference; lastKnownFileType = sourcecode.c.h; name = "XY-PrefixHeader.pch"; path = "ProjectAccumulation/XY-PrefixHeader.pch"; sourceTree = SOURCE_ROOT; };
		295BBE651B16DD1E00FE6E76 /* AutoLayoutTestViewController.h */ = {isa = PBXFileReference; fileEncoding = 4; lastKnownFileType = sourcecode.c.h; name = AutoLayoutTestViewController.h; path = study/AutoLayoutTestViewController.h; sourceTree = "<group>"; };
		295BBE661B16DD1E00FE6E76 /* AutoLayoutTestViewController.m */ = {isa = PBXFileReference; fileEncoding = 4; lastKnownFileType = sourcecode.c.objc; name = AutoLayoutTestViewController.m; path = study/AutoLayoutTestViewController.m; sourceTree = "<group>"; };
		295BBE671B16DD1E00FE6E76 /* AutoLayoutTestViewController.xib */ = {isa = PBXFileReference; fileEncoding = 4; lastKnownFileType = file.xib; name = AutoLayoutTestViewController.xib; path = study/AutoLayoutTestViewController.xib; sourceTree = "<group>"; };
		29613EC91AFA069500F85B79 /* MyPlistTestViewController.h */ = {isa = PBXFileReference; fileEncoding = 4; lastKnownFileType = sourcecode.c.h; name = MyPlistTestViewController.h; path = tool/MyPlistTestViewController.h; sourceTree = "<group>"; };
		29613ECA1AFA069500F85B79 /* MyPlistTestViewController.m */ = {isa = PBXFileReference; fileEncoding = 4; lastKnownFileType = sourcecode.c.objc; name = MyPlistTestViewController.m; path = tool/MyPlistTestViewController.m; sourceTree = "<group>"; };
		29613ED01AFA06F100F85B79 /* SharePlist.h */ = {isa = PBXFileReference; fileEncoding = 4; lastKnownFileType = sourcecode.c.h; name = SharePlist.h; path = tool/shareplist/SharePlist.h; sourceTree = "<group>"; };
		29613ED11AFA06F100F85B79 /* SharePlist.m */ = {isa = PBXFileReference; fileEncoding = 4; lastKnownFileType = sourcecode.c.objc; name = SharePlist.m; path = tool/shareplist/SharePlist.m; sourceTree = "<group>"; };
		2961F22B1AEE229700B4ABE0 /* ThreadViewController.h */ = {isa = PBXFileReference; fileEncoding = 4; lastKnownFileType = sourcecode.c.h; name = ThreadViewController.h; path = study/ThreadViewController.h; sourceTree = "<group>"; };
		2961F22C1AEE229700B4ABE0 /* ThreadViewController.m */ = {isa = PBXFileReference; fileEncoding = 4; lastKnownFileType = sourcecode.c.objc; name = ThreadViewController.m; path = study/ThreadViewController.m; sourceTree = "<group>"; };
		29906F7B1B3A9DA200743D98 /* UITestViewController.h */ = {isa = PBXFileReference; fileEncoding = 4; lastKnownFileType = sourcecode.c.h; path = UITestViewController.h; sourceTree = "<group>"; };
		29906F7C1B3A9DA200743D98 /* UITestViewController.m */ = {isa = PBXFileReference; fileEncoding = 4; lastKnownFileType = sourcecode.c.objc; path = UITestViewController.m; sourceTree = "<group>"; };
		299515751AF9B73800E314A6 /* MacroViewController.h */ = {isa = PBXFileReference; fileEncoding = 4; lastKnownFileType = sourcecode.c.h; name = MacroViewController.h; path = tool/MacroViewController.h; sourceTree = "<group>"; };
		299515761AF9B73800E314A6 /* MacroViewController.m */ = {isa = PBXFileReference; fileEncoding = 4; lastKnownFileType = sourcecode.c.objc; name = MacroViewController.m; path = tool/MacroViewController.m; sourceTree = "<group>"; };
		299A67721B9D2CCB000766F4 /* CommonMenuViewController.h */ = {isa = PBXFileReference; fileEncoding = 4; lastKnownFileType = sourcecode.c.h; path = CommonMenuViewController.h; sourceTree = "<group>"; };
		299A67731B9D2CCB000766F4 /* CommonMenuViewController.m */ = {isa = PBXFileReference; fileEncoding = 4; lastKnownFileType = sourcecode.c.objc; path = CommonMenuViewController.m; sourceTree = "<group>"; };
		299A67751B9D30B4000766F4 /* views_menu.plist */ = {isa = PBXFileReference; fileEncoding = 4; lastKnownFileType = text.plist.xml; path = views_menu.plist; sourceTree = "<group>"; };
		299A67771B9D36C5000766F4 /* BDBTabView.m */ = {isa = PBXFileReference; fileEncoding = 4; lastKnownFileType = sourcecode.c.objc; name = BDBTabView.m; path = views/BDBTabView.m; sourceTree = "<group>"; };
		299A67781B9D36C5000766F4 /* BDBTabViewDemoViewController.m */ = {isa = PBXFileReference; fileEncoding = 4; lastKnownFileType = sourcecode.c.objc; name = BDBTabViewDemoViewController.m; path = views/BDBTabViewDemoViewController.m; sourceTree = "<group>"; };
		299A67791B9D36C5000766F4 /* BDBTabViewDemoViewController.h */ = {isa = PBXFileReference; fileEncoding = 4; lastKnownFileType = sourcecode.c.h; name = BDBTabViewDemoViewController.h; path = views/BDBTabViewDemoViewController.h; sourceTree = "<group>"; };
		299A677A1B9D36C5000766F4 /* BDBTabView.h */ = {isa = PBXFileReference; fileEncoding = 4; lastKnownFileType = sourcecode.c.h; name = BDBTabView.h; path = views/BDBTabView.h; sourceTree = "<group>"; };
		299A677B1B9D36C5000766F4 /* BDBTabViewModel.h */ = {isa = PBXFileReference; fileEncoding = 4; lastKnownFileType = sourcecode.c.h; name = BDBTabViewModel.h; path = views/BDBTabViewModel.h; sourceTree = "<group>"; };
		299A677C1B9D36C5000766F4 /* BDBTabViewModel.m */ = {isa = PBXFileReference; fileEncoding = 4; lastKnownFileType = sourcecode.c.objc; name = BDBTabViewModel.m; path = views/BDBTabViewModel.m; sourceTree = "<group>"; };
		29B342CE1ACBCF2100F55365 /* ProjectAccumulation.app */ = {isa = PBXFileReference; explicitFileType = wrapper.application; includeInIndex = 0; path = ProjectAccumulation.app; sourceTree = BUILT_PRODUCTS_DIR; };
		29B342D21ACBCF2100F55365 /* Info.plist */ = {isa = PBXFileReference; lastKnownFileType = text.plist.xml; path = Info.plist; sourceTree = "<group>"; };
		29B342D31ACBCF2100F55365 /* main.m */ = {isa = PBXFileReference; lastKnownFileType = sourcecode.c.objc; path = main.m; sourceTree = "<group>"; };
		29B342D51ACBCF2100F55365 /* AppDelegate.h */ = {isa = PBXFileReference; lastKnownFileType = sourcecode.c.h; path = AppDelegate.h; sourceTree = "<group>"; };
		29B342D61ACBCF2100F55365 /* AppDelegate.m */ = {isa = PBXFileReference; lastKnownFileType = sourcecode.c.objc; path = AppDelegate.m; sourceTree = "<group>"; };
		29B342DC1ACBCF2100F55365 /* Base */ = {isa = PBXFileReference; lastKnownFileType = file.storyboard; name = Base; path = Base.lproj/Main.storyboard; sourceTree = "<group>"; };
		29B342DE1ACBCF2100F55365 /* Images.xcassets */ = {isa = PBXFileReference; lastKnownFileType = folder.assetcatalog; path = Images.xcassets; sourceTree = "<group>"; };
		29B342E11ACBCF2100F55365 /* Base */ = {isa = PBXFileReference; lastKnownFileType = file.xib; name = Base; path = Base.lproj/LaunchScreen.xib; sourceTree = "<group>"; };
		29B342E71ACBCF2100F55365 /* ProjectAccumulationTests.xctest */ = {isa = PBXFileReference; explicitFileType = wrapper.cfbundle; includeInIndex = 0; path = ProjectAccumulationTests.xctest; sourceTree = BUILT_PRODUCTS_DIR; };
		29B342EC1ACBCF2100F55365 /* Info.plist */ = {isa = PBXFileReference; lastKnownFileType = text.plist.xml; path = Info.plist; sourceTree = "<group>"; };
		29B342ED1ACBCF2100F55365 /* ProjectAccumulationTests.m */ = {isa = PBXFileReference; lastKnownFileType = sourcecode.c.objc; path = ProjectAccumulationTests.m; sourceTree = "<group>"; };
		29B342F71ACBED9F00F55365 /* MainTableViewController.h */ = {isa = PBXFileReference; fileEncoding = 4; lastKnownFileType = sourcecode.c.h; path = MainTableViewController.h; sourceTree = "<group>"; };
		29B342F81ACBED9F00F55365 /* MainTableViewController.m */ = {isa = PBXFileReference; fileEncoding = 4; lastKnownFileType = sourcecode.c.objc; path = MainTableViewController.m; sourceTree = "<group>"; };
		29BB5DE31B0B1C0A00BA69F9 /* WebViewTestViewController.h */ = {isa = PBXFileReference; fileEncoding = 4; lastKnownFileType = sourcecode.c.h; name = WebViewTestViewController.h; path = study/WebViewTestViewController.h; sourceTree = "<group>"; };
		29BB5DE41B0B1C0A00BA69F9 /* WebViewTestViewController.m */ = {isa = PBXFileReference; fileEncoding = 4; lastKnownFileType = sourcecode.c.objc; name = WebViewTestViewController.m; path = study/WebViewTestViewController.m; sourceTree = "<group>"; };
		29C986621B7B2208006B394C /* ReflectionViewController.h */ = {isa = PBXFileReference; fileEncoding = 4; lastKnownFileType = sourcecode.c.h; name = ReflectionViewController.h; path = study/ReflectionViewController.h; sourceTree = "<group>"; };
		29C986631B7B2208006B394C /* ReflectionViewController.m */ = {isa = PBXFileReference; fileEncoding = 4; lastKnownFileType = sourcecode.c.objc; name = ReflectionViewController.m; path = study/ReflectionViewController.m; sourceTree = "<group>"; };
		29DD0D1C1AD4DD3C008E365A /* OCMessageViewController.h */ = {isa = PBXFileReference; fileEncoding = 4; lastKnownFileType = sourcecode.c.h; name = OCMessageViewController.h; path = study/OCMessageViewController.h; sourceTree = "<group>"; };
		29DD0D1D1AD4DD3C008E365A /* OCMessageViewController.m */ = {isa = PBXFileReference; fileEncoding = 4; lastKnownFileType = sourcecode.c.objc; name = OCMessageViewController.m; path = study/OCMessageViewController.m; sourceTree = "<group>"; };
		29DD0D1F1AD4FB2D008E365A /* RuntimeCreateClassViewController.h */ = {isa = PBXFileReference; fileEncoding = 4; lastKnownFileType = sourcecode.c.h; name = RuntimeCreateClassViewController.h; path = study/RuntimeCreateClassViewController.h; sourceTree = "<group>"; };
		29DD0D201AD4FB2D008E365A /* RuntimeCreateClassViewController.m */ = {isa = PBXFileReference; fileEncoding = 4; lastKnownFileType = sourcecode.c.objc; name = RuntimeCreateClassViewController.m; path = study/RuntimeCreateClassViewController.m; sourceTree = "<group>"; };
		29E3FD1A1B9D66D60067130F /* study_menu.plist */ = {isa = PBXFileReference; fileEncoding = 4; lastKnownFileType = text.plist.xml; path = study_menu.plist; sourceTree = "<group>"; };
		29E3FD1F1B9D68C20067130F /* OnePxLineViewController.h */ = {isa = PBXFileReference; fileEncoding = 4; lastKnownFileType = sourcecode.c.h; name = OnePxLineViewController.h; path = views/OnePxLine/OnePxLineViewController.h; sourceTree = "<group>"; };
		29E3FD201B9D68C20067130F /* OnePxLineViewController.m */ = {isa = PBXFileReference; fileEncoding = 4; lastKnownFileType = sourcecode.c.objc; name = OnePxLineViewController.m; path = views/OnePxLine/OnePxLineViewController.m; sourceTree = "<group>"; };
		29E3FD221B9D698C0067130F /* BaseViewController.h */ = {isa = PBXFileReference; fileEncoding = 4; lastKnownFileType = sourcecode.c.h; path = BaseViewController.h; sourceTree = "<group>"; };
		29E3FD231B9D698C0067130F /* BaseViewController.m */ = {isa = PBXFileReference; fileEncoding = 4; lastKnownFileType = sourcecode.c.objc; path = BaseViewController.m; sourceTree = "<group>"; };
		29E3FD251B9D84F90067130F /* tools_menu.plist */ = {isa = PBXFileReference; fileEncoding = 4; lastKnownFileType = text.plist.xml; path = tools_menu.plist; sourceTree = "<group>"; };
		29E3FD271B9D99B30067130F /* blog_menu.plist */ = {isa = PBXFileReference; fileEncoding = 4; lastKnownFileType = text.plist.xml; path = blog_menu.plist; sourceTree = "<group>"; };
		29E3FD2A1B9D9A290067130F /* BlogMenuViewController.h */ = {isa = PBXFileReference; fileEncoding = 4; lastKnownFileType = sourcecode.c.h; name = BlogMenuViewController.h; path = blog/BlogMenuViewController.h; sourceTree = "<group>"; };
		29E3FD2B1B9D9A290067130F /* BlogMenuViewController.m */ = {isa = PBXFileReference; fileEncoding = 4; lastKnownFileType = sourcecode.c.objc; name = BlogMenuViewController.m; path = blog/BlogMenuViewController.m; sourceTree = "<group>"; };
		29E6BDC51ADB9A4B00F37344 /* KVCKVOViewController.h */ = {isa = PBXFileReference; fileEncoding = 4; lastKnownFileType = sourcecode.c.h; name = KVCKVOViewController.h; path = study/KVCKVOViewController.h; sourceTree = "<group>"; };
		29E6BDC61ADB9A4B00F37344 /* KVCKVOViewController.m */ = {isa = PBXFileReference; fileEncoding = 4; lastKnownFileType = sourcecode.c.objc; name = KVCKVOViewController.m; path = study/KVCKVOViewController.m; sourceTree = "<group>"; };
		29E6BDC81ADBA63400F37344 /* BlockViewController.h */ = {isa = PBXFileReference; fileEncoding = 4; lastKnownFileType = sourcecode.c.h; name = BlockViewController.h; path = study/BlockViewController.h; sourceTree = "<group>"; };
		29E6BDC91ADBA63400F37344 /* BlockViewController.m */ = {isa = PBXFileReference; fileEncoding = 4; lastKnownFileType = sourcecode.c.objc; name = BlockViewController.m; path = study/BlockViewController.m; sourceTree = "<group>"; };
		29F4E9DE1B183BB800AF3BC9 /* AutoLayoutTestCustomerView.xib */ = {isa = PBXFileReference; fileEncoding = 4; lastKnownFileType = file.xib; name = AutoLayoutTestCustomerView.xib; path = study/AutoLayoutTestCustomerView.xib; sourceTree = "<group>"; };
		29F968001B9E87A100F3A0C8 /* UIImage+BlurGlass.h */ = {isa = PBXFileReference; fileEncoding = 4; lastKnownFileType = sourcecode.c.h; name = "UIImage+BlurGlass.h"; path = "tool/category/UIImage+BlurGlass.h"; sourceTree = "<group>"; };
		29F968011B9E87A100F3A0C8 /* UIImage+BlurGlass.m */ = {isa = PBXFileReference; fileEncoding = 4; lastKnownFileType = sourcecode.c.objc; name = "UIImage+BlurGlass.m"; path = "tool/category/UIImage+BlurGlass.m"; sourceTree = "<group>"; };
		29F968031B9E8DA100F3A0C8 /* Utils.h */ = {isa = PBXFileReference; fileEncoding = 4; lastKnownFileType = sourcecode.c.h; name = Utils.h; path = tool/Utils.h; sourceTree = "<group>"; };
		29F968041B9E8DA100F3A0C8 /* Utils.m */ = {isa = PBXFileReference; fileEncoding = 4; lastKnownFileType = sourcecode.c.objc; name = Utils.m; path = tool/Utils.m; sourceTree = "<group>"; };
		29F968071B9E91E000F3A0C8 /* BlurGlassViewController.h */ = {isa = PBXFileReference; fileEncoding = 4; lastKnownFileType = sourcecode.c.h; name = BlurGlassViewController.h; path = tool/BlurGlass/BlurGlassViewController.h; sourceTree = "<group>"; };
		29F968081B9E91E000F3A0C8 /* BlurGlassViewController.m */ = {isa = PBXFileReference; fileEncoding = 4; lastKnownFileType = sourcecode.c.objc; name = BlurGlassViewController.m; path = tool/BlurGlass/BlurGlassViewController.m; sourceTree = "<group>"; };
		29F9680A1B9EA8BF00F3A0C8 /* UCWebViewController.h */ = {isa = PBXFileReference; fileEncoding = 4; lastKnownFileType = sourcecode.c.h; name = UCWebViewController.h; path = views/WebViewWithUcBackButton/UCWebViewController.h; sourceTree = "<group>"; };
		29F9680B1B9EA8BF00F3A0C8 /* UCWebViewController.m */ = {isa = PBXFileReference; fileEncoding = 4; lastKnownFileType = sourcecode.c.objc; name = UCWebViewController.m; path = views/WebViewWithUcBackButton/UCWebViewController.m; sourceTree = "<group>"; };
		29F9680D1B9EA92000F3A0C8 /* BDLCustomerWebView.m */ = {isa = PBXFileReference; fileEncoding = 4; lastKnownFileType = sourcecode.c.objc; name = BDLCustomerWebView.m; path = views/WebViewWithUcBackButton/BDLCustomerWebView.m; sourceTree = "<group>"; };
		29F9680E1B9EA92000F3A0C8 /* BDLCustomerWebView.h */ = {isa = PBXFileReference; fileEncoding = 4; lastKnownFileType = sourcecode.c.h; name = BDLCustomerWebView.h; path = views/WebViewWithUcBackButton/BDLCustomerWebView.h; sourceTree = "<group>"; };
		29F968111B9EA98800F3A0C8 /* NJKWebViewProgress.h */ = {isa = PBXFileReference; fileEncoding = 4; lastKnownFileType = sourcecode.c.h; path = NJKWebViewProgress.h; sourceTree = "<group>"; };
		29F968121B9EA98800F3A0C8 /* NJKWebViewProgress.m */ = {isa = PBXFileReference; fileEncoding = 4; lastKnownFileType = sourcecode.c.objc; path = NJKWebViewProgress.m; sourceTree = "<group>"; };
		29F968131B9EA98800F3A0C8 /* NJKWebViewProgressView.h */ = {isa = PBXFileReference; fileEncoding = 4; lastKnownFileType = sourcecode.c.h; path = NJKWebViewProgressView.h; sourceTree = "<group>"; };
		29F968141B9EA98800F3A0C8 /* NJKWebViewProgressView.m */ = {isa = PBXFileReference; fileEncoding = 4; lastKnownFileType = sourcecode.c.objc; path = NJKWebViewProgressView.m; sourceTree = "<group>"; };
		29FA56911B9FD89800E0166A /* BDBToast.m */ = {isa = PBXFileReference; fileEncoding = 4; lastKnownFileType = sourcecode.c.objc; name = BDBToast.m; path = views/Toast/BDBToast.m; sourceTree = "<group>"; };
		29FA56921B9FD89800E0166A /* BDBToast.h */ = {isa = PBXFileReference; fileEncoding = 4; lastKnownFileType = sourcecode.c.h; name = BDBToast.h; path = views/Toast/BDBToast.h; sourceTree = "<group>"; };
/* End PBXFileReference section */

/* Begin PBXFrameworksBuildPhase section */
		29B342CB1ACBCF2100F55365 /* Frameworks */ = {
			isa = PBXFrameworksBuildPhase;
			buildActionMask = 2147483647;
			files = (
			);
			runOnlyForDeploymentPostprocessing = 0;
		};
		29B342E41ACBCF2100F55365 /* Frameworks */ = {
			isa = PBXFrameworksBuildPhase;
			buildActionMask = 2147483647;
			files = (
			);
			runOnlyForDeploymentPostprocessing = 0;
		};
/* End PBXFrameworksBuildPhase section */

/* Begin PBXGroup section */
		29613ECC1AFA069F00F85B79 /* shareplist */ = {
			isa = PBXGroup;
			children = (
				29613ED01AFA06F100F85B79 /* SharePlist.h */,
				29613ED11AFA06F100F85B79 /* SharePlist.m */,
			);
			name = shareplist;
			sourceTree = "<group>";
		};
		29A7D5931B9C1533005D3338 /* views */ = {
			isa = PBXGroup;
			children = (
				29FA56901B9FD6DD00E0166A /* Toast */,
				29F968101B9EA98800F3A0C8 /* NJKWebViewProgress */,
				29E3FD1E1B9D68530067130F /* OnePxLine */,
				29E3FD1D1B9D683C0067130F /* WebViewWithUcBackButton */,
				29E3FD1C1B9D68230067130F /* TabView */,
			);
			name = views;
			sourceTree = "<group>";
		};
		29B342C51ACBCF2100F55365 = {
			isa = PBXGroup;
			children = (
				29B342D01ACBCF2100F55365 /* ProjectAccumulation */,
				29B342EA1ACBCF2100F55365 /* ProjectAccumulationTests */,
				29B342CF1ACBCF2100F55365 /* Products */,
			);
			sourceTree = "<group>";
		};
		29B342CF1ACBCF2100F55365 /* Products */ = {
			isa = PBXGroup;
			children = (
				29B342CE1ACBCF2100F55365 /* ProjectAccumulation.app */,
				29B342E71ACBCF2100F55365 /* ProjectAccumulationTests.xctest */,
			);
			name = Products;
			sourceTree = "<group>";
		};
		29B342D01ACBCF2100F55365 /* ProjectAccumulation */ = {
			isa = PBXGroup;
			children = (
				29E3FD291B9D9A050067130F /* blog */,
				29DD0D181AD4D872008E365A /* study */,
				29A7D5931B9C1533005D3338 /* views */,
				29B342FA1ACBF1E300F55365 /* tool */,
				29E3FD221B9D698C0067130F /* BaseViewController.h */,
				29E3FD231B9D698C0067130F /* BaseViewController.m */,
				29B342D51ACBCF2100F55365 /* AppDelegate.h */,
				29B342D61ACBCF2100F55365 /* AppDelegate.m */,
				29B342F71ACBED9F00F55365 /* MainTableViewController.h */,
				29B342F81ACBED9F00F55365 /* MainTableViewController.m */,
				29B342DB1ACBCF2100F55365 /* Main.storyboard */,
				29906F7B1B3A9DA200743D98 /* UITestViewController.h */,
				29906F7C1B3A9DA200743D98 /* UITestViewController.m */,
				292A5DCF1AEDE93100FCBFF3 /* CommonDefines.h */,
				29B342DE1ACBCF2100F55365 /* Images.xcassets */,
				29B342E01ACBCF2100F55365 /* LaunchScreen.xib */,
				29B342D11ACBCF2100F55365 /* Supporting Files */,
				299A67721B9D2CCB000766F4 /* CommonMenuViewController.h */,
				299A67731B9D2CCB000766F4 /* CommonMenuViewController.m */,
			);
			path = ProjectAccumulation;
			sourceTree = "<group>";
		};
		29B342D11ACBCF2100F55365 /* Supporting Files */ = {
			isa = PBXGroup;
			children = (
				299A67751B9D30B4000766F4 /* views_menu.plist */,
				29B342D21ACBCF2100F55365 /* Info.plist */,
				29B342D31ACBCF2100F55365 /* main.m */,
				29E3FD1A1B9D66D60067130F /* study_menu.plist */,
				29E3FD251B9D84F90067130F /* tools_menu.plist */,
				29E3FD271B9D99B30067130F /* blog_menu.plist */,
				292A5DD01AEDE97900FCBFF3 /* XY-PrefixHeader.pch */,
			);
			name = "Supporting Files";
			sourceTree = "<group>";
		};
		29B342EA1ACBCF2100F55365 /* ProjectAccumulationTests */ = {
			isa = PBXGroup;
			children = (
				29B342ED1ACBCF2100F55365 /* ProjectAccumulationTests.m */,
				29B342EB1ACBCF2100F55365 /* Supporting Files */,
			);
			path = ProjectAccumulationTests;
			sourceTree = "<group>";
		};
		29B342EB1ACBCF2100F55365 /* Supporting Files */ = {
			isa = PBXGroup;
			children = (
				29B342EC1ACBCF2100F55365 /* Info.plist */,
			);
			name = "Supporting Files";
			sourceTree = "<group>";
		};
		29B342FA1ACBF1E300F55365 /* tool */ = {
			isa = PBXGroup;
			children = (
				29F968061B9E91A200F3A0C8 /* BlurGlass */,
				29F967FF1B9E864700F3A0C8 /* category */,
				299515751AF9B73800E314A6 /* MacroViewController.h */,
				299515761AF9B73800E314A6 /* MacroViewController.m */,
				29613EC91AFA069500F85B79 /* MyPlistTestViewController.h */,
				29613ECA1AFA069500F85B79 /* MyPlistTestViewController.m */,
				29613ECC1AFA069F00F85B79 /* shareplist */,
				29F968031B9E8DA100F3A0C8 /* Utils.h */,
				29F968041B9E8DA100F3A0C8 /* Utils.m */,
			);
			name = tool;
			sourceTree = "<group>";
		};
		29DD0D181AD4D872008E365A /* study */ = {
			isa = PBXGroup;
			children = (
				29DD0D1C1AD4DD3C008E365A /* OCMessageViewController.h */,
				29DD0D1D1AD4DD3C008E365A /* OCMessageViewController.m */,
				29DD0D1F1AD4FB2D008E365A /* RuntimeCreateClassViewController.h */,
				29DD0D201AD4FB2D008E365A /* RuntimeCreateClassViewController.m */,
				29E6BDC51ADB9A4B00F37344 /* KVCKVOViewController.h */,
				29E6BDC61ADB9A4B00F37344 /* KVCKVOViewController.m */,
				29E6BDC81ADBA63400F37344 /* BlockViewController.h */,
				29E6BDC91ADBA63400F37344 /* BlockViewController.m */,
				292A5DCC1AEDE38B00FCBFF3 /* MemoryManagerMRCViewController.h */,
				292A5DCD1AEDE38B00FCBFF3 /* MemoryManagerMRCViewController.m */,
				2961F22B1AEE229700B4ABE0 /* ThreadViewController.h */,
				2961F22C1AEE229700B4ABE0 /* ThreadViewController.m */,
				29BB5DE31B0B1C0A00BA69F9 /* WebViewTestViewController.h */,
				29BB5DE41B0B1C0A00BA69F9 /* WebViewTestViewController.m */,
				292006841B15ABB000C5D7A0 /* ViewsTestViewController.h */,
				292006851B15ABB000C5D7A0 /* ViewsTestViewController.m */,
				295BBE651B16DD1E00FE6E76 /* AutoLayoutTestViewController.h */,
				295BBE661B16DD1E00FE6E76 /* AutoLayoutTestViewController.m */,
				295BBE671B16DD1E00FE6E76 /* AutoLayoutTestViewController.xib */,
				29F4E9DE1B183BB800AF3BC9 /* AutoLayoutTestCustomerView.xib */,
				29C986621B7B2208006B394C /* ReflectionViewController.h */,
				29C986631B7B2208006B394C /* ReflectionViewController.m */,
			);
			name = study;
			sourceTree = "<group>";
		};
		29E3FD1C1B9D68230067130F /* TabView */ = {
			isa = PBXGroup;
			children = (
				299A67771B9D36C5000766F4 /* BDBTabView.m */,
				299A67781B9D36C5000766F4 /* BDBTabViewDemoViewController.m */,
				299A67791B9D36C5000766F4 /* BDBTabViewDemoViewController.h */,
				299A677A1B9D36C5000766F4 /* BDBTabView.h */,
				299A677B1B9D36C5000766F4 /* BDBTabViewModel.h */,
				299A677C1B9D36C5000766F4 /* BDBTabViewModel.m */,
			);
			name = TabView;
			sourceTree = "<group>";
		};
		29E3FD1D1B9D683C0067130F /* WebViewWithUcBackButton */ = {
			isa = PBXGroup;
			children = (
				29F9680E1B9EA92000F3A0C8 /* BDLCustomerWebView.h */,
				29F9680D1B9EA92000F3A0C8 /* BDLCustomerWebView.m */,
				29F9680A1B9EA8BF00F3A0C8 /* UCWebViewController.h */,
				29F9680B1B9EA8BF00F3A0C8 /* UCWebViewController.m */,
			);
			name = WebViewWithUcBackButton;
			sourceTree = "<group>";
		};
		29E3FD1E1B9D68530067130F /* OnePxLine */ = {
			isa = PBXGroup;
			children = (
				29E3FD1F1B9D68C20067130F /* OnePxLineViewController.h */,
				29E3FD201B9D68C20067130F /* OnePxLineViewController.m */,
			);
			name = OnePxLine;
			sourceTree = "<group>";
		};
		29E3FD291B9D9A050067130F /* blog */ = {
			isa = PBXGroup;
			children = (
				29E3FD2A1B9D9A290067130F /* BlogMenuViewController.h */,
				29E3FD2B1B9D9A290067130F /* BlogMenuViewController.m */,
			);
			name = blog;
			sourceTree = "<group>";
		};
		29F967FF1B9E864700F3A0C8 /* category */ = {
			isa = PBXGroup;
			children = (
				29F968001B9E87A100F3A0C8 /* UIImage+BlurGlass.h */,
				29F968011B9E87A100F3A0C8 /* UIImage+BlurGlass.m */,
			);
			name = category;
			sourceTree = "<group>";
		};
		29F968061B9E91A200F3A0C8 /* BlurGlass */ = {
			isa = PBXGroup;
			children = (
				29F968071B9E91E000F3A0C8 /* BlurGlassViewController.h */,
				29F968081B9E91E000F3A0C8 /* BlurGlassViewController.m */,
			);
			name = BlurGlass;
			sourceTree = "<group>";
		};
		29F968101B9EA98800F3A0C8 /* NJKWebViewProgress */ = {
			isa = PBXGroup;
			children = (
				29F968111B9EA98800F3A0C8 /* NJKWebViewProgress.h */,
				29F968121B9EA98800F3A0C8 /* NJKWebViewProgress.m */,
				29F968131B9EA98800F3A0C8 /* NJKWebViewProgressView.h */,
				29F968141B9EA98800F3A0C8 /* NJKWebViewProgressView.m */,
			);
			name = NJKWebViewProgress;
			path = views/NJKWebViewProgress;
			sourceTree = "<group>";
		};
		29FA56901B9FD6DD00E0166A /* Toast */ = {
			isa = PBXGroup;
			children = (
				29FA56921B9FD89800E0166A /* BDBToast.h */,
				29FA56911B9FD89800E0166A /* BDBToast.m */,
			);
			name = Toast;
			sourceTree = "<group>";
		};
/* End PBXGroup section */

/* Begin PBXNativeTarget section */
		29B342CD1ACBCF2100F55365 /* ProjectAccumulation */ = {
			isa = PBXNativeTarget;
			buildConfigurationList = 29B342F11ACBCF2100F55365 /* Build configuration list for PBXNativeTarget "ProjectAccumulation" */;
			buildPhases = (
				29B342CA1ACBCF2100F55365 /* Sources */,
				29B342CB1ACBCF2100F55365 /* Frameworks */,
				29B342CC1ACBCF2100F55365 /* Resources */,
			);
			buildRules = (
			);
			dependencies = (
			);
			name = ProjectAccumulation;
			productName = ProjectAccumulation;
			productReference = 29B342CE1ACBCF2100F55365 /* ProjectAccumulation.app */;
			productType = "com.apple.product-type.application";
		};
		29B342E61ACBCF2100F55365 /* ProjectAccumulationTests */ = {
			isa = PBXNativeTarget;
			buildConfigurationList = 29B342F41ACBCF2100F55365 /* Build configuration list for PBXNativeTarget "ProjectAccumulationTests" */;
			buildPhases = (
				29B342E31ACBCF2100F55365 /* Sources */,
				29B342E41ACBCF2100F55365 /* Frameworks */,
				29B342E51ACBCF2100F55365 /* Resources */,
			);
			buildRules = (
			);
			dependencies = (
				29B342E91ACBCF2100F55365 /* PBXTargetDependency */,
			);
			name = ProjectAccumulationTests;
			productName = ProjectAccumulationTests;
			productReference = 29B342E71ACBCF2100F55365 /* ProjectAccumulationTests.xctest */;
			productType = "com.apple.product-type.bundle.unit-test";
		};
/* End PBXNativeTarget section */

/* Begin PBXProject section */
		29B342C61ACBCF2100F55365 /* Project object */ = {
			isa = PBXProject;
			attributes = {
				LastUpgradeCheck = 0620;
				ORGANIZATIONNAME = XuYang;
				TargetAttributes = {
					29B342CD1ACBCF2100F55365 = {
						CreatedOnToolsVersion = 6.2;
					};
					29B342E61ACBCF2100F55365 = {
						CreatedOnToolsVersion = 6.2;
						TestTargetID = 29B342CD1ACBCF2100F55365;
					};
				};
			};
			buildConfigurationList = 29B342C91ACBCF2100F55365 /* Build configuration list for PBXProject "ProjectAccumulation" */;
			compatibilityVersion = "Xcode 3.2";
			developmentRegion = English;
			hasScannedForEncodings = 0;
			knownRegions = (
				en,
				Base,
			);
			mainGroup = 29B342C51ACBCF2100F55365;
			productRefGroup = 29B342CF1ACBCF2100F55365 /* Products */;
			projectDirPath = "";
			projectRoot = "";
			targets = (
				29B342CD1ACBCF2100F55365 /* ProjectAccumulation */,
				29B342E61ACBCF2100F55365 /* ProjectAccumulationTests */,
			);
		};
/* End PBXProject section */

/* Begin PBXResourcesBuildPhase section */
		29B342CC1ACBCF2100F55365 /* Resources */ = {
			isa = PBXResourcesBuildPhase;
			buildActionMask = 2147483647;
			files = (
				299A67761B9D30B4000766F4 /* views_menu.plist in Resources */,
				29F4E9DF1B183BB800AF3BC9 /* AutoLayoutTestCustomerView.xib in Resources */,
				29B342DD1ACBCF2100F55365 /* Main.storyboard in Resources */,
				29E3FD281B9D99B30067130F /* blog_menu.plist in Resources */,
				29B342E21ACBCF2100F55365 /* LaunchScreen.xib in Resources */,
				29E3FD1B1B9D66D60067130F /* study_menu.plist in Resources */,
				295BBE691B16DD1E00FE6E76 /* AutoLayoutTestViewController.xib in Resources */,
				29B342DF1ACBCF2100F55365 /* Images.xcassets in Resources */,
				29E3FD261B9D84F90067130F /* tools_menu.plist in Resources */,
			);
			runOnlyForDeploymentPostprocessing = 0;
		};
		29B342E51ACBCF2100F55365 /* Resources */ = {
			isa = PBXResourcesBuildPhase;
			buildActionMask = 2147483647;
			files = (
			);
			runOnlyForDeploymentPostprocessing = 0;
		};
/* End PBXResourcesBuildPhase section */

/* Begin PBXSourcesBuildPhase section */
		29B342CA1ACBCF2100F55365 /* Sources */ = {
			isa = PBXSourcesBuildPhase;
			buildActionMask = 2147483647;
			files = (
				29F968051B9E8DA100F3A0C8 /* Utils.m in Sources */,
				29C986641B7B2208006B394C /* ReflectionViewController.m in Sources */,
				29613ED21AFA06F100F85B79 /* SharePlist.m in Sources */,
				292006861B15ABB000C5D7A0 /* ViewsTestViewController.m in Sources */,
				299A677E1B9D36C5000766F4 /* BDBTabViewDemoViewController.m in Sources */,
				29B342D71ACBCF2100F55365 /* AppDelegate.m in Sources */,
				29E3FD211B9D68C20067130F /* OnePxLineViewController.m in Sources */,
				29B342D41ACBCF2100F55365 /* main.m in Sources */,
				29BB5DE51B0B1C0A00BA69F9 /* WebViewTestViewController.m in Sources */,
				29F968151B9EA98800F3A0C8 /* NJKWebViewProgress.m in Sources */,
				295BBE681B16DD1E00FE6E76 /* AutoLayoutTestViewController.m in Sources */,
				292A5DCE1AEDE38B00FCBFF3 /* MemoryManagerMRCViewController.m in Sources */,
				29F9680C1B9EA8BF00F3A0C8 /* UCWebViewController.m in Sources */,
				29DD0D211AD4FB2D008E365A /* RuntimeCreateClassViewController.m in Sources */,
				29E3FD241B9D698C0067130F /* BaseViewController.m in Sources */,
				29F9680F1B9EA92000F3A0C8 /* BDLCustomerWebView.m in Sources */,
				29E6BDCA1ADBA63400F37344 /* BlockViewController.m in Sources */,
				29906F7D1B3A9DA200743D98 /* UITestViewController.m in Sources */,
				29E6BDC71ADB9A4B00F37344 /* KVCKVOViewController.m in Sources */,
				299A67741B9D2CCB000766F4 /* CommonMenuViewController.m in Sources */,
				29B342F91ACBED9F00F55365 /* MainTableViewController.m in Sources */,
				299A677F1B9D36C5000766F4 /* BDBTabViewModel.m in Sources */,
				29DD0D1E1AD4DD3C008E365A /* OCMessageViewController.m in Sources */,
				29E3FD2C1B9D9A290067130F /* BlogMenuViewController.m in Sources */,
				29FA56931B9FD89800E0166A /* BDBToast.m in Sources */,
				29F968091B9E91E000F3A0C8 /* BlurGlassViewController.m in Sources */,
				29F968021B9E87A100F3A0C8 /* UIImage+BlurGlass.m in Sources */,
				299A677D1B9D36C5000766F4 /* BDBTabView.m in Sources */,
				299515771AF9B73800E314A6 /* MacroViewController.m in Sources */,
				2961F22D1AEE229700B4ABE0 /* ThreadViewController.m in Sources */,
				29613ECB1AFA069500F85B79 /* MyPlistTestViewController.m in Sources */,
				29F968161B9EA98800F3A0C8 /* NJKWebViewProgressView.m in Sources */,
			);
			runOnlyForDeploymentPostprocessing = 0;
		};
		29B342E31ACBCF2100F55365 /* Sources */ = {
			isa = PBXSourcesBuildPhase;
			buildActionMask = 2147483647;
			files = (
				29B342EE1ACBCF2100F55365 /* ProjectAccumulationTests.m in Sources */,
			);
			runOnlyForDeploymentPostprocessing = 0;
		};
/* End PBXSourcesBuildPhase section */

/* Begin PBXTargetDependency section */
		29B342E91ACBCF2100F55365 /* PBXTargetDependency */ = {
			isa = PBXTargetDependency;
			target = 29B342CD1ACBCF2100F55365 /* ProjectAccumulation */;
			targetProxy = 29B342E81ACBCF2100F55365 /* PBXContainerItemProxy */;
		};
/* End PBXTargetDependency section */

/* Begin PBXVariantGroup section */
		29B342DB1ACBCF2100F55365 /* Main.storyboard */ = {
			isa = PBXVariantGroup;
			children = (
				29B342DC1ACBCF2100F55365 /* Base */,
			);
			name = Main.storyboard;
			sourceTree = "<group>";
		};
		29B342E01ACBCF2100F55365 /* LaunchScreen.xib */ = {
			isa = PBXVariantGroup;
			children = (
				29B342E11ACBCF2100F55365 /* Base */,
			);
			name = LaunchScreen.xib;
			sourceTree = "<group>";
		};
/* End PBXVariantGroup section */

/* Begin XCBuildConfiguration section */
		29B342EF1ACBCF2100F55365 /* Debug */ = {
			isa = XCBuildConfiguration;
			buildSettings = {
				ALWAYS_SEARCH_USER_PATHS = NO;
				CLANG_CXX_LANGUAGE_STANDARD = "gnu++0x";
				CLANG_CXX_LIBRARY = "libc++";
				CLANG_ENABLE_MODULES = YES;
				CLANG_ENABLE_OBJC_ARC = YES;
				CLANG_WARN_BOOL_CONVERSION = YES;
				CLANG_WARN_CONSTANT_CONVERSION = YES;
				CLANG_WARN_DIRECT_OBJC_ISA_USAGE = YES_ERROR;
				CLANG_WARN_EMPTY_BODY = YES;
				CLANG_WARN_ENUM_CONVERSION = YES;
				CLANG_WARN_INT_CONVERSION = YES;
				CLANG_WARN_OBJC_ROOT_CLASS = YES_ERROR;
				CLANG_WARN_UNREACHABLE_CODE = YES;
				CLANG_WARN__DUPLICATE_METHOD_MATCH = YES;
				"CODE_SIGN_IDENTITY[sdk=iphoneos*]" = "iPhone Developer";
				COPY_PHASE_STRIP = NO;
				ENABLE_STRICT_OBJC_MSGSEND = YES;
				GCC_C_LANGUAGE_STANDARD = gnu99;
				GCC_DYNAMIC_NO_PIC = NO;
				GCC_OPTIMIZATION_LEVEL = 0;
				GCC_PREFIX_HEADER = "";
				GCC_PREPROCESSOR_DEFINITIONS = (
					"DEBUG=1",
					"$(inherited)",
				);
				GCC_SYMBOLS_PRIVATE_EXTERN = NO;
				GCC_WARN_64_TO_32_BIT_CONVERSION = YES;
				GCC_WARN_ABOUT_RETURN_TYPE = YES_ERROR;
				GCC_WARN_UNDECLARED_SELECTOR = YES;
				GCC_WARN_UNINITIALIZED_AUTOS = YES_AGGRESSIVE;
				GCC_WARN_UNUSED_FUNCTION = YES;
				GCC_WARN_UNUSED_VARIABLE = YES;
				IPHONEOS_DEPLOYMENT_TARGET = 7.1;
				MTL_ENABLE_DEBUG_INFO = YES;
				ONLY_ACTIVE_ARCH = YES;
				SDKROOT = iphoneos;
			};
			name = Debug;
		};
		29B342F01ACBCF2100F55365 /* Release */ = {
			isa = XCBuildConfiguration;
			buildSettings = {
				ALWAYS_SEARCH_USER_PATHS = NO;
				CLANG_CXX_LANGUAGE_STANDARD = "gnu++0x";
				CLANG_CXX_LIBRARY = "libc++";
				CLANG_ENABLE_MODULES = YES;
				CLANG_ENABLE_OBJC_ARC = YES;
				CLANG_WARN_BOOL_CONVERSION = YES;
				CLANG_WARN_CONSTANT_CONVERSION = YES;
				CLANG_WARN_DIRECT_OBJC_ISA_USAGE = YES_ERROR;
				CLANG_WARN_EMPTY_BODY = YES;
				CLANG_WARN_ENUM_CONVERSION = YES;
				CLANG_WARN_INT_CONVERSION = YES;
				CLANG_WARN_OBJC_ROOT_CLASS = YES_ERROR;
				CLANG_WARN_UNREACHABLE_CODE = YES;
				CLANG_WARN__DUPLICATE_METHOD_MATCH = YES;
				"CODE_SIGN_IDENTITY[sdk=iphoneos*]" = "iPhone Developer";
				COPY_PHASE_STRIP = NO;
				ENABLE_NS_ASSERTIONS = NO;
				ENABLE_STRICT_OBJC_MSGSEND = YES;
				GCC_C_LANGUAGE_STANDARD = gnu99;
				GCC_PREFIX_HEADER = "";
				GCC_WARN_64_TO_32_BIT_CONVERSION = YES;
				GCC_WARN_ABOUT_RETURN_TYPE = YES_ERROR;
				GCC_WARN_UNDECLARED_SELECTOR = YES;
				GCC_WARN_UNINITIALIZED_AUTOS = YES_AGGRESSIVE;
				GCC_WARN_UNUSED_FUNCTION = YES;
				GCC_WARN_UNUSED_VARIABLE = YES;
				IPHONEOS_DEPLOYMENT_TARGET = 7.1;
				MTL_ENABLE_DEBUG_INFO = NO;
				SDKROOT = iphoneos;
				VALIDATE_PRODUCT = YES;
			};
			name = Release;
		};
		29B342F21ACBCF2100F55365 /* Debug */ = {
			isa = XCBuildConfiguration;
			buildSettings = {
				ASSETCATALOG_COMPILER_APPICON_NAME = AppIcon;
				GCC_PREFIX_HEADER = "ProjectAccumulation/XY-PrefixHeader.pch";
				INFOPLIST_FILE = ProjectAccumulation/Info.plist;
				IPHONEOS_DEPLOYMENT_TARGET = 7.1;
				LD_RUNPATH_SEARCH_PATHS = "$(inherited) @executable_path/Frameworks";
				PRODUCT_NAME = "$(TARGET_NAME)";
			};
			name = Debug;
		};
		29B342F31ACBCF2100F55365 /* Release */ = {
			isa = XCBuildConfiguration;
			buildSettings = {
				ASSETCATALOG_COMPILER_APPICON_NAME = AppIcon;
				GCC_PREFIX_HEADER = "ProjectAccumulation/XY-PrefixHeader.pch";
				INFOPLIST_FILE = ProjectAccumulation/Info.plist;
				IPHONEOS_DEPLOYMENT_TARGET = 7.1;
				LD_RUNPATH_SEARCH_PATHS = "$(inherited) @executable_path/Frameworks";
				PRODUCT_NAME = "$(TARGET_NAME)";
			};
			name = Release;
		};
		29B342F51ACBCF2100F55365 /* Debug */ = {
			isa = XCBuildConfiguration;
			buildSettings = {
				BUNDLE_LOADER = "$(TEST_HOST)";
				FRAMEWORK_SEARCH_PATHS = (
					"$(SDKROOT)/Developer/Library/Frameworks",
					"$(inherited)",
				);
				GCC_PREPROCESSOR_DEFINITIONS = (
					"DEBUG=1",
					"$(inherited)",
				);
				INFOPLIST_FILE = ProjectAccumulationTests/Info.plist;
				LD_RUNPATH_SEARCH_PATHS = "$(inherited) @executable_path/Frameworks @loader_path/Frameworks";
				PRODUCT_NAME = "$(TARGET_NAME)";
				TEST_HOST = "$(BUILT_PRODUCTS_DIR)/ProjectAccumulation.app/ProjectAccumulation";
			};
			name = Debug;
		};
		29B342F61ACBCF2100F55365 /* Release */ = {
			isa = XCBuildConfiguration;
			buildSettings = {
				BUNDLE_LOADER = "$(TEST_HOST)";
				FRAMEWORK_SEARCH_PATHS = (
					"$(SDKROOT)/Developer/Library/Frameworks",
					"$(inherited)",
				);
				INFOPLIST_FILE = ProjectAccumulationTests/Info.plist;
				LD_RUNPATH_SEARCH_PATHS = "$(inherited) @executable_path/Frameworks @loader_path/Frameworks";
				PRODUCT_NAME = "$(TARGET_NAME)";
				TEST_HOST = "$(BUILT_PRODUCTS_DIR)/ProjectAccumulation.app/ProjectAccumulation";
			};
			name = Release;
		};
/* End XCBuildConfiguration section */

/* Begin XCConfigurationList section */
		29B342C91ACBCF2100F55365 /* Build configuration list for PBXProject "ProjectAccumulation" */ = {
			isa = XCConfigurationList;
			buildConfigurations = (
				29B342EF1ACBCF2100F55365 /* Debug */,
				29B342F01ACBCF2100F55365 /* Release */,
			);
			defaultConfigurationIsVisible = 0;
			defaultConfigurationName = Release;
		};
		29B342F11ACBCF2100F55365 /* Build configuration list for PBXNativeTarget "ProjectAccumulation" */ = {
			isa = XCConfigurationList;
			buildConfigurations = (
				29B342F21ACBCF2100F55365 /* Debug */,
				29B342F31ACBCF2100F55365 /* Release */,
			);
			defaultConfigurationIsVisible = 0;
			defaultConfigurationName = Release;
		};
		29B342F41ACBCF2100F55365 /* Build configuration list for PBXNativeTarget "ProjectAccumulationTests" */ = {
			isa = XCConfigurationList;
			buildConfigurations = (
				29B342F51ACBCF2100F55365 /* Debug */,
				29B342F61ACBCF2100F55365 /* Release */,
			);
			defaultConfigurationIsVisible = 0;
			defaultConfigurationName = Release;
		};
/* End XCConfigurationList section */
	};
	rootObject = 29B342C61ACBCF2100F55365 /* Project object */;
}
